
Microsoft Visual Studio Solution File, Format Version 12.00
# Visual Studio Version 16
VisualStudioVersion = 16.0.31702.278
MinimumVisualStudioVersion = 10.0.40219.1
Project("{9A19103F-16F7-4668-BE54-9A1E7A4F7556}") = "BusinessMicroservice", "BusinessMicroservice\BusinessMicroservice.csproj", "{8C83135A-92FF-4F97-B58B-E29EF3E44A61}"
EndProject
Project("{FAE04EC0-301F-11D3-BF4B-00C04F79EFBC}") = "BusinessMicroservice.IntegrationTests", "BusinessMicroservice.IntegrationTests\BusinessMicroservice.IntegrationTests.csproj", "{B271663E-A9A3-4539-9DBF-4AEC20194587}"
EndProject
Global
	GlobalSection(SolutionConfigurationPlatforms) = preSolution
		Debug|Any CPU = Debug|Any CPU
		Release|Any CPU = Release|Any CPU
	EndGlobalSection
	GlobalSection(ProjectConfigurationPlatforms) = postSolution
		{8C83135A-92FF-4F97-B58B-E29EF3E44A61}.Debug|Any CPU.ActiveCfg = Debug|Any CPU
		{8C83135A-92FF-4F97-B58B-E29EF3E44A61}.Debug|Any CPU.Build.0 = Debug|Any CPU
		{8C83135A-92FF-4F97-B58B-E29EF3E44A61}.Release|Any CPU.ActiveCfg = Release|Any CPU
		{8C83135A-92FF-4F97-B58B-E29EF3E44A61}.Release|Any CPU.Build.0 = Release|Any CPU
		{B271663E-A9A3-4539-9DBF-4AEC20194587}.Debug|Any CPU.ActiveCfg = Debug|Any CPU
		{B271663E-A9A3-4539-9DBF-4AEC20194587}.Debug|Any CPU.Build.0 = Debug|Any CPU
		{B271663E-A9A3-4539-9DBF-4AEC20194587}.Release|Any CPU.ActiveCfg = Release|Any CPU
		{B271663E-A9A3-4539-9DBF-4AEC20194587}.Release|Any CPU.Build.0 = Release|Any CPU
	EndGlobalSection
	GlobalSection(SolutionProperties) = preSolution
		HideSolutionNode = FALSE
	EndGlobalSection
	GlobalSection(ExtensibilityGlobals) = postSolution
		SolutionGuid = {0FE1AAC7-2178-4E3C-99E2-7C4FEABC63C5}
	EndGlobalSection
EndGlobal
